
Microsoft Visual Studio Solution File, Format Version 12.00
# Visual Studio 15
VisualStudioVersion = 15.0.28307.902
MinimumVisualStudioVersion = 10.0.40219.1
Project("{FAE04EC0-301F-11D3-BF4B-00C04F79EFBC}") = "PRI_APP", "PRI_APP\PRI_APP.csproj", "{1DC2BCB3-56B4-4CDF-AACD-DBC613872AC9}"
EndProject
Global
	GlobalSection(SolutionConfigurationPlatforms) = preSolution
		Debug|Any CPU = Debug|Any CPU
		Release|Any CPU = Release|Any CPU
	EndGlobalSection
	GlobalSection(ProjectConfigurationPlatforms) = postSolution
		{1DC2BCB3-56B4-4CDF-AACD-DBC613872AC9}.Debug|Any CPU.ActiveCfg = Debug|Any CPU
		{1DC2BCB3-56B4-4CDF-AACD-DBC613872AC9}.Debug|Any CPU.Build.0 = Debug|Any CPU
		{1DC2BCB3-56B4-4CDF-AACD-DBC613872AC9}.Release|Any CPU.ActiveCfg = Release|Any CPU
		{1DC2BCB3-56B4-4CDF-AACD-DBC613872AC9}.Release|Any CPU.Build.0 = Release|Any CPU
	EndGlobalSection
	GlobalSection(SolutionProperties) = preSolution
		HideSolutionNode = FALSE
	EndGlobalSection
	GlobalSection(ExtensibilityGlobals) = postSolution
		SolutionGuid = {D662CAE1-98CF-4280-A5A6-A72E4B2FEC84}
	EndGlobalSection
EndGlobal
